
Microsoft Visual Studio Solution File, Format Version 12.00
# Visual Studio Version 17
VisualStudioVersion = 17.1.32319.34
MinimumVisualStudioVersion = 10.0.40219.1
Project("{9A19103F-16F7-4668-BE54-9A1E7A4F7556}") = "CarbonBlazor", "CarbonBlazor\CarbonBlazor.csproj", "{EA53CBF9-C00F-4422-92B2-8572D103C20E}"
EndProject
Project("{9A19103F-16F7-4668-BE54-9A1E7A4F7556}") = "CarbonBlazor.Demo", "CarbonBlazor.Demo\CarbonBlazor.Demo.csproj", "{7DC95978-48F9-455C-B309-C1F9DCF1EFAF}"
EndProject
Project("{9A19103F-16F7-4668-BE54-9A1E7A4F7556}") = "CarbonBlazor.IconTool", "CarbonBlazor.IconTool\CarbonBlazor.IconTool.csproj", "{9B57221F-3B40-48A6-AEC3-085ECAF55431}"
EndProject
Project("{9A19103F-16F7-4668-BE54-9A1E7A4F7556}") = "CarbonBlazor.Doc", "CarbonBlazor.Doc\CarbonBlazor.Doc.csproj", "{34BD0CC9-5931-42D6-80EA-F3C0775EBE1D}"
EndProject
Global
	GlobalSection(SolutionConfigurationPlatforms) = preSolution
		Debug|Any CPU = Debug|Any CPU
		Release|Any CPU = Release|Any CPU
	EndGlobalSection
	GlobalSection(ProjectConfigurationPlatforms) = postSolution
		{EA53CBF9-C00F-4422-92B2-8572D103C20E}.Debug|Any CPU.ActiveCfg = Debug|Any CPU
		{EA53CBF9-C00F-4422-92B2-8572D103C20E}.Debug|Any CPU.Build.0 = Debug|Any CPU
		{EA53CBF9-C00F-4422-92B2-8572D103C20E}.Release|Any CPU.ActiveCfg = Release|Any CPU
		{EA53CBF9-C00F-4422-92B2-8572D103C20E}.Release|Any CPU.Build.0 = Release|Any CPU
		{7DC95978-48F9-455C-B309-C1F9DCF1EFAF}.Debug|Any CPU.ActiveCfg = Debug|Any CPU
		{7DC95978-48F9-455C-B309-C1F9DCF1EFAF}.Debug|Any CPU.Build.0 = Debug|Any CPU
		{7DC95978-48F9-455C-B309-C1F9DCF1EFAF}.Release|Any CPU.ActiveCfg = Release|Any CPU
		{7DC95978-48F9-455C-B309-C1F9DCF1EFAF}.Release|Any CPU.Build.0 = Release|Any CPU
		{9B57221F-3B40-48A6-AEC3-085ECAF55431}.Debug|Any CPU.ActiveCfg = Debug|Any CPU
		{9B57221F-3B40-48A6-AEC3-085ECAF55431}.Debug|Any CPU.Build.0 = Debug|Any CPU
		{9B57221F-3B40-48A6-AEC3-085ECAF55431}.Release|Any CPU.ActiveCfg = Release|Any CPU
		{9B57221F-3B40-48A6-AEC3-085ECAF55431}.Release|Any CPU.Build.0 = Release|Any CPU
		{34BD0CC9-5931-42D6-80EA-F3C0775EBE1D}.Debug|Any CPU.ActiveCfg = Debug|Any CPU
		{34BD0CC9-5931-42D6-80EA-F3C0775EBE1D}.Debug|Any CPU.Build.0 = Debug|Any CPU
		{34BD0CC9-5931-42D6-80EA-F3C0775EBE1D}.Release|Any CPU.ActiveCfg = Release|Any CPU
		{34BD0CC9-5931-42D6-80EA-F3C0775EBE1D}.Release|Any CPU.Build.0 = Release|Any CPU
	EndGlobalSection
	GlobalSection(SolutionProperties) = preSolution
		HideSolutionNode = FALSE
	EndGlobalSection
	GlobalSection(ExtensibilityGlobals) = postSolution
		SolutionGuid = {79985B1D-8D0C-4A04-BB08-75CB6CD763CD}
	EndGlobalSection
EndGlobal
